// !$*UTF8*$!
{
	archiveVersion = 1;
	classes = {
	};
	objectVersion = 56;
	objects = {

/* Begin PBXBuildFile section */
		66CEBB6A2C0D5D7F00B64FC7 /* AppDelegate.swift in Sources */ = {isa = PBXBuildFile; fileRef = 66CEBB692C0D5D7F00B64FC7 /* AppDelegate.swift */; };
		66CEBB6C2C0D5D7F00B64FC7 /* SceneDelegate.swift in Sources */ = {isa = PBXBuildFile; fileRef = 66CEBB6B2C0D5D7F00B64FC7 /* SceneDelegate.swift */; };
		66CEBB6E2C0D5D7F00B64FC7 /* ViewController.swift in Sources */ = {isa = PBXBuildFile; fileRef = 66CEBB6D2C0D5D7F00B64FC7 /* ViewController.swift */; };
		66CEBB712C0D5D7F00B64FC7 /* Main.storyboard in Resources */ = {isa = PBXBuildFile; fileRef = 66CEBB6F2C0D5D7F00B64FC7 /* Main.storyboard */; };
		66CEBB732C0D5D8000B64FC7 /* Assets.xcassets in Resources */ = {isa = PBXBuildFile; fileRef = 66CEBB722C0D5D8000B64FC7 /* Assets.xcassets */; };
		66CEBB762C0D5D8000B64FC7 /* LaunchScreen.storyboard in Resources */ = {isa = PBXBuildFile; fileRef = 66CEBB742C0D5D8000B64FC7 /* LaunchScreen.storyboard */; };
		66CEBB7E2C0D5F0F00B64FC7 /* BiometricIDAuth.swift in Sources */ = {isa = PBXBuildFile; fileRef = 66CEBB7D2C0D5F0F00B64FC7 /* BiometricIDAuth.swift */; };
		66EA37672C17D369002C1C43 /* Biometric+Model.swift in Sources */ = {isa = PBXBuildFile; fileRef = 66EA37662C17D369002C1C43 /* Biometric+Model.swift */; };
/* End PBXBuildFile section */

/* Begin PBXFileReference section */
		66CEBB662C0D5D7F00B64FC7 /* BiometricIDAuth.app */ = {isa = PBXFileReference; explicitFileType = wrapper.application; includeInIndex = 0; path = BiometricIDAuth.app; sourceTree = BUILT_PRODUCTS_DIR; };
		66CEBB692C0D5D7F00B64FC7 /* AppDelegate.swift */ = {isa = PBXFileReference; lastKnownFileType = sourcecode.swift; path = AppDelegate.swift; sourceTree = "<group>"; };
		66CEBB6B2C0D5D7F00B64FC7 /* SceneDelegate.swift */ = {isa = PBXFileReference; lastKnownFileType = sourcecode.swift; path = SceneDelegate.swift; sourceTree = "<group>"; };
		66CEBB6D2C0D5D7F00B64FC7 /* ViewController.swift */ = {isa = PBXFileReference; lastKnownFileType = sourcecode.swift; path = ViewController.swift; sourceTree = "<group>"; };
		66CEBB702C0D5D7F00B64FC7 /* Base */ = {isa = PBXFileReference; lastKnownFileType = file.storyboard; name = Base; path = Base.lproj/Main.storyboard; sourceTree = "<group>"; };
		66CEBB722C0D5D8000B64FC7 /* Assets.xcassets */ = {isa = PBXFileReference; lastKnownFileType = folder.assetcatalog; path = Assets.xcassets; sourceTree = "<group>"; };
		66CEBB752C0D5D8000B64FC7 /* Base */ = {isa = PBXFileReference; lastKnownFileType = file.storyboard; name = Base; path = Base.lproj/LaunchScreen.storyboard; sourceTree = "<group>"; };
		66CEBB772C0D5D8000B64FC7 /* Info.plist */ = {isa = PBXFileReference; lastKnownFileType = text.plist.xml; path = Info.plist; sourceTree = "<group>"; };
		66CEBB7D2C0D5F0F00B64FC7 /* BiometricIDAuth.swift */ = {isa = PBXFileReference; lastKnownFileType = sourcecode.swift; path = BiometricIDAuth.swift; sourceTree = "<group>"; };
		66EA37662C17D369002C1C43 /* Biometric+Model.swift */ = {isa = PBXFileReference; lastKnownFileType = sourcecode.swift; path = "Biometric+Model.swift"; sourceTree = "<group>"; };
/* End PBXFileReference section */

/* Begin PBXFrameworksBuildPhase section */
		66CEBB632C0D5D7F00B64FC7 /* Frameworks */ = {
			isa = PBXFrameworksBuildPhase;
			buildActionMask = 2147483647;
			files = (
			);
			runOnlyForDeploymentPostprocessing = 0;
		};
/* End PBXFrameworksBuildPhase section */

/* Begin PBXGroup section */
		66CEBB5D2C0D5D7F00B64FC7 = {
			isa = PBXGroup;
			children = (
				66CEBB682C0D5D7F00B64FC7 /* BiometricIDAuth */,
				66CEBB672C0D5D7F00B64FC7 /* Products */,
			);
			sourceTree = "<group>";
		};
		66CEBB672C0D5D7F00B64FC7 /* Products */ = {
			isa = PBXGroup;
			children = (
				66CEBB662C0D5D7F00B64FC7 /* BiometricIDAuth.app */,
			);
			name = Products;
			sourceTree = "<group>";
		};
		66CEBB682C0D5D7F00B64FC7 /* BiometricIDAuth */ = {
			isa = PBXGroup;
			children = (
				66CEBB692C0D5D7F00B64FC7 /* AppDelegate.swift */,
				66CEBB6B2C0D5D7F00B64FC7 /* SceneDelegate.swift */,
				66CEBB6D2C0D5D7F00B64FC7 /* ViewController.swift */,
				66CEBB6F2C0D5D7F00B64FC7 /* Main.storyboard */,
				66CEBB722C0D5D8000B64FC7 /* Assets.xcassets */,
				66CEBB742C0D5D8000B64FC7 /* LaunchScreen.storyboard */,
				66CEBB772C0D5D8000B64FC7 /* Info.plist */,
				66CEBB7D2C0D5F0F00B64FC7 /* BiometricIDAuth.swift */,
				66EA37662C17D369002C1C43 /* Biometric+Model.swift */,
			);
			path = BiometricIDAuth;
			sourceTree = "<group>";
		};
/* End PBXGroup section */

/* Begin PBXNativeTarget section */
		66CEBB652C0D5D7F00B64FC7 /* BiometricIDAuth */ = {
			isa = PBXNativeTarget;
			buildConfigurationList = 66CEBB7A2C0D5D8000B64FC7 /* Build configuration list for PBXNativeTarget "BiometricIDAuth" */;
			buildPhases = (
				66CEBB622C0D5D7F00B64FC7 /* Sources */,
				66CEBB632C0D5D7F00B64FC7 /* Frameworks */,
				66CEBB642C0D5D7F00B64FC7 /* Resources */,
			);
			buildRules = (
			);
			dependencies = (
			);
			name = BiometricIDAuth;
			productName = BiometricIDAuth;
			productReference = 66CEBB662C0D5D7F00B64FC7 /* BiometricIDAuth.app */;
			productType = "com.apple.product-type.application";
		};
/* End PBXNativeTarget section */

/* Begin PBXProject section */
		66CEBB5E2C0D5D7F00B64FC7 /* Project object */ = {
			isa = PBXProject;
			attributes = {
				BuildIndependentTargetsInParallel = 1;
				LastSwiftUpdateCheck = 1500;
				LastUpgradeCheck = 1500;
				TargetAttributes = {
					66CEBB652C0D5D7F00B64FC7 = {
						CreatedOnToolsVersion = 15.0;
					};
				};
			};
			buildConfigurationList = 66CEBB612C0D5D7F00B64FC7 /* Build configuration list for PBXProject "BiometricIDAuth" */;
			compatibilityVersion = "Xcode 14.0";
			developmentRegion = en;
			hasScannedForEncodings = 0;
			knownRegions = (
				en,
				Base,
			);
			mainGroup = 66CEBB5D2C0D5D7F00B64FC7;
			productRefGroup = 66CEBB672C0D5D7F00B64FC7 /* Products */;
			projectDirPath = "";
			projectRoot = "";
			targets = (
				66CEBB652C0D5D7F00B64FC7 /* BiometricIDAuth */,
			);
		};
/* End PBXProject section */

/* Begin PBXResourcesBuildPhase section */
		66CEBB642C0D5D7F00B64FC7 /* Resources */ = {
			isa = PBXResourcesBuildPhase;
			buildActionMask = 2147483647;
			files = (
				66CEBB762C0D5D8000B64FC7 /* LaunchScreen.storyboard in Resources */,
				66CEBB732C0D5D8000B64FC7 /* Assets.xcassets in Resources */,
				66CEBB712C0D5D7F00B64FC7 /* Main.storyboard in Resources */,
			);
			runOnlyForDeploymentPostprocessing = 0;
		};
/* End PBXResourcesBuildPhase section */

/* Begin PBXSourcesBuildPhase section */
		66CEBB622C0D5D7F00B64FC7 /* Sources */ = {
			isa = PBXSourcesBuildPhase;
			buildActionMask = 2147483647;
			files = (
				66EA37672C17D369002C1C43 /* Biometric+Model.swift in Sources */,
				66CEBB6E2C0D5D7F00B64FC7 /* ViewController.swift in Sources */,
				66CEBB7E2C0D5F0F00B64FC7 /* BiometricIDAuth.swift in Sources */,
				66CEBB6A2C0D5D7F00B64FC7 /* AppDelegate.swift in Sources */,
				66CEBB6C2C0D5D7F00B64FC7 /* SceneDelegate.swift in Sources */,
			);
			runOnlyForDeploymentPostprocessing = 0;
		};
/* End PBXSourcesBuildPhase section */

/* Begin PBXVariantGroup section */
		66CEBB6F2C0D5D7F00B64FC7 /* Main.storyboard */ = {
			isa = PBXVariantGroup;
			children = (
				66CEBB702C0D5D7F00B64FC7 /* Base */,
			);
			name = Main.storyboard;
			sourceTree = "<group>";
		};
		66CEBB742C0D5D8000B64FC7 /* LaunchScreen.storyboard */ = {
			isa = PBXVariantGroup;
			children = (
				66CEBB752C0D5D8000B64FC7 /* Base */,
			);
			name = LaunchScreen.storyboard;
			sourceTree = "<group>";
		};
/* End PBXVariantGroup section */

/* Begin XCBuildConfiguration section */
		66CEBB782C0D5D8000B64FC7 /* Debug */ = {
			isa = XCBuildConfiguration;
			buildSettings = {
				ALWAYS_SEARCH_USER_PATHS = NO;
				ASSETCATALOG_COMPILER_GENERATE_SWIFT_ASSET_SYMBOL_EXTENSIONS = YES;
				CLANG_ANALYZER_NONNULL = YES;
				CLANG_ANALYZER_NUMBER_OBJECT_CONVERSION = YES_AGGRESSIVE;
				CLANG_CXX_LANGUAGE_STANDARD = "gnu++20";
				CLANG_ENABLE_MODULES = YES;
				CLANG_ENABLE_OBJC_ARC = YES;
				CLANG_ENABLE_OBJC_WEAK = YES;
				CLANG_WARN_BLOCK_CAPTURE_AUTORELEASING = YES;
				CLANG_WARN_BOOL_CONVERSION = YES;
				CLANG_WARN_COMMA = YES;
				CLANG_WARN_CONSTANT_CONVERSION = YES;
				CLANG_WARN_DEPRECATED_OBJC_IMPLEMENTATIONS = YES;
				CLANG_WARN_DIRECT_OBJC_ISA_USAGE = YES_ERROR;
				CLANG_WARN_DOCUMENTATION_COMMENTS = YES;
				CLANG_WARN_EMPTY_BODY = YES;
				CLANG_WARN_ENUM_CONVERSION = YES;
				CLANG_WARN_INFINITE_RECURSION = YES;
				CLANG_WARN_INT_CONVERSION = YES;
				CLANG_WARN_NON_LITERAL_NULL_CONVERSION = YES;
				CLANG_WARN_OBJC_IMPLICIT_RETAIN_SELF = YES;
				CLANG_WARN_OBJC_LITERAL_CONVERSION = YES;
				CLANG_WARN_OBJC_ROOT_CLASS = YES_ERROR;
				CLANG_WARN_QUOTED_INCLUDE_IN_FRAMEWORK_HEADER = YES;
				CLANG_WARN_RANGE_LOOP_ANALYSIS = YES;
				CLANG_WARN_STRICT_PROTOTYPES = YES;
				CLANG_WARN_SUSPICIOUS_MOVE = YES;
				CLANG_WARN_UNGUARDED_AVAILABILITY = YES_AGGRESSIVE;
				CLANG_WARN_UNREACHABLE_CODE = YES;
				CLANG_WARN__DUPLICATE_METHOD_MATCH = YES;
				COPY_PHASE_STRIP = NO;
				DEBUG_INFORMATION_FORMAT = dwarf;
				ENABLE_STRICT_OBJC_MSGSEND = YES;
				ENABLE_TESTABILITY = YES;
				ENABLE_USER_SCRIPT_SANDBOXING = YES;
				GCC_C_LANGUAGE_STANDARD = gnu17;
				GCC_DYNAMIC_NO_PIC = NO;
				GCC_NO_COMMON_BLOCKS = YES;
				GCC_OPTIMIZATION_LEVEL = 0;
				GCC_PREPROCESSOR_DEFINITIONS = (
					"DEBUG=1",
					"$(inherited)",
				);
				GCC_WARN_64_TO_32_BIT_CONVERSION = YES;
				GCC_WARN_ABOUT_RETURN_TYPE = YES_ERROR;
				GCC_WARN_UNDECLARED_SELECTOR = YES;
				GCC_WARN_UNINITIALIZED_AUTOS = YES_AGGRESSIVE;
				GCC_WARN_UNUSED_FUNCTION = YES;
				GCC_WARN_UNUSED_VARIABLE = YES;
				IPHONEOS_DEPLOYMENT_TARGET = 17.0;
				LOCALIZATION_PREFERS_STRING_CATALOGS = YES;
				MTL_ENABLE_DEBUG_INFO = INCLUDE_SOURCE;
				MTL_FAST_MATH = YES;
				ONLY_ACTIVE_ARCH = YES;
				SDKROOT = iphoneos;
				SWIFT_ACTIVE_COMPILATION_CONDITIONS = "DEBUG $(inherited)";
				SWIFT_OPTIMIZATION_LEVEL = "-Onone";
			};
			name = Debug;
		};
		66CEBB792C0D5D8000B64FC7 /* Release */ = {
			isa = XCBuildConfiguration;
			buildSettings = {
				ALWAYS_SEARCH_USER_PATHS = NO;
				ASSETCATALOG_COMPILER_GENERATE_SWIFT_ASSET_SYMBOL_EXTENSIONS = YES;
				CLANG_ANALYZER_NONNULL = YES;
				CLANG_ANALYZER_NUMBER_OBJECT_CONVERSION = YES_AGGRESSIVE;
				CLANG_CXX_LANGUAGE_STANDARD = "gnu++20";
				CLANG_ENABLE_MODULES = YES;
				CLANG_ENABLE_OBJC_ARC = YES;
				CLANG_ENABLE_OBJC_WEAK = YES;
				CLANG_WARN_BLOCK_CAPTURE_AUTORELEASING = YES;
				CLANG_WARN_BOOL_CONVERSION = YES;
				CLANG_WARN_COMMA = YES;
				CLANG_WARN_CONSTANT_CONVERSION = YES;
				CLANG_WARN_DEPRECATED_OBJC_IMPLEMENTATIONS = YES;
				CLANG_WARN_DIRECT_OBJC_ISA_USAGE = YES_ERROR;
				CLANG_WARN_DOCUMENTATION_COMMENTS = YES;
				CLANG_WARN_EMPTY_BODY = YES;
				CLANG_WARN_ENUM_CONVERSION = YES;
				CLANG_WARN_INFINITE_RECURSION = YES;
				CLANG_WARN_INT_CONVERSION = YES;
				CLANG_WARN_NON_LITERAL_NULL_CONVERSION = YES;
				CLANG_WARN_OBJC_IMPLICIT_RETAIN_SELF = YES;
				CLANG_WARN_OBJC_LITERAL_CONVERSION = YES;
				CLANG_WARN_OBJC_ROOT_CLASS = YES_ERROR;
				CLANG_WARN_QUOTED_INCLUDE_IN_FRAMEWORK_HEADER = YES;
				CLANG_WARN_RANGE_LOOP_ANALYSIS = YES;
				CLANG_WARN_STRICT_PROTOTYPES = YES;
				CLANG_WARN_SUSPICIOUS_MOVE = YES;
				CLANG_WARN_UNGUARDED_AVAILABILITY = YES_AGGRESSIVE;
				CLANG_WARN_UNREACHABLE_CODE = YES;
				CLANG_WARN__DUPLICATE_METHOD_MATCH = YES;
				COPY_PHASE_STRIP = NO;
				DEBUG_INFORMATION_FORMAT = "dwarf-with-dsym";
				ENABLE_NS_ASSERTIONS = NO;
				ENABLE_STRICT_OBJC_MSGSEND = YES;
				ENABLE_USER_SCRIPT_SANDBOXING = YES;
				GCC_C_LANGUAGE_STANDARD = gnu17;
				GCC_NO_COMMON_BLOCKS = YES;
				GCC_WARN_64_TO_32_BIT_CONVERSION = YES;
				GCC_WARN_ABOUT_RETURN_TYPE = YES_ERROR;
				GCC_WARN_UNDECLARED_SELECTOR = YES;
				GCC_WARN_UNINITIALIZED_AUTOS = YES_AGGRESSIVE;
				GCC_WARN_UNUSED_FUNCTION = YES;
				GCC_WARN_UNUSED_VARIABLE = YES;
				IPHONEOS_DEPLOYMENT_TARGET = 17.0;
				LOCALIZATION_PREFERS_STRING_CATALOGS = YES;
				MTL_ENABLE_DEBUG_INFO = NO;
				MTL_FAST_MATH = YES;
				SDKROOT = iphoneos;
				SWIFT_COMPILATION_MODE = wholemodule;
				VALIDATE_PRODUCT = YES;
			};
			name = Release;
		};
		66CEBB7B2C0D5D8000B64FC7 /* Debug */ = {
			isa = XCBuildConfiguration;
			buildSettings = {
				ASSETCATALOG_COMPILER_APPICON_NAME = AppIcon;
				ASSETCATALOG_COMPILER_GLOBAL_ACCENT_COLOR_NAME = AccentColor;
				CODE_SIGN_STYLE = Automatic;
				CURRENT_PROJECT_VERSION = 1;
				DEVELOPMENT_TEAM = ZXHY232264;
				GENERATE_INFOPLIST_FILE = YES;
				INFOPLIST_FILE = BiometricIDAuth/Info.plist;
				INFOPLIST_KEY_UIApplicationSupportsIndirectInputEvents = YES;
				INFOPLIST_KEY_UILaunchStoryboardName = LaunchScreen;
				INFOPLIST_KEY_UIMainStoryboardFile = Main;
				INFOPLIST_KEY_UISupportedInterfaceOrientations_iPad = "UIInterfaceOrientationPortrait UIInterfaceOrientationPortraitUpsideDown UIInterfaceOrientationLandscapeLeft UIInterfaceOrientationLandscapeRight";
				INFOPLIST_KEY_UISupportedInterfaceOrientations_iPhone = "UIInterfaceOrientationPortrait UIInterfaceOrientationLandscapeLeft UIInterfaceOrientationLandscapeRight";
				IPHONEOS_DEPLOYMENT_TARGET = 14.0;
				LD_RUNPATH_SEARCH_PATHS = (
					"$(inherited)",
					"@executable_path/Frameworks",
				);
				MARKETING_VERSION = 1.0;
				PRODUCT_BUNDLE_IDENTIFIER = com.eunjin.BiometricIDAuth;
				PRODUCT_NAME = "$(TARGET_NAME)";
				SWIFT_EMIT_LOC_STRINGS = YES;
				SWIFT_VERSION = 5.0;
				TARGETED_DEVICE_FAMILY = "1,2";
			};
			name = Debug;
		};
		66CEBB7C2C0D5D8000B64FC7 /* Release */ = {
			isa = XCBuildConfiguration;
			buildSettings = {
				ASSETCATALOG_COMPILER_APPICON_NAME = AppIcon;
				ASSETCATALOG_COMPILER_GLOBAL_ACCENT_COLOR_NAME = AccentColor;
				CODE_SIGN_STYLE = Automatic;
				CURRENT_PROJECT_VERSION = 1;
				DEVELOPMENT_TEAM = ZXHY232264;
				GENERATE_INFOPLIST_FILE = YES;
				INFOPLIST_FILE = BiometricIDAuth/Info.plist;
				INFOPLIST_KEY_UIApplicationSupportsIndirectInputEvents = YES;
				INFOPLIST_KEY_UILaunchStoryboardName = LaunchScreen;
				INFOPLIST_KEY_UIMainStoryboardFile = Main;
				INFOPLIST_KEY_UISupportedInterfaceOrientations_iPad = "UIInterfaceOrientationPortrait UIInterfaceOrientationPortraitUpsideDown UIInterfaceOrientationLandscapeLeft UIInterfaceOrientationLandscapeRight";
				INFOPLIST_KEY_UISupportedInterfaceOrientations_iPhone = "UIInterfaceOrientationPortrait UIInterfaceOrientationLandscapeLeft UIInterfaceOrientationLandscapeRight";
				IPHONEOS_DEPLOYMENT_TARGET = 14.0;
				LD_RUNPATH_SEARCH_PATHS = (
					"$(inherited)",
					"@executable_path/Frameworks",
				);
				MARKETING_VERSION = 1.0;
				PRODUCT_BUNDLE_IDENTIFIER = com.eunjin.BiometricIDAuth;
				PRODUCT_NAME = "$(TARGET_NAME)";
				SWIFT_EMIT_LOC_STRINGS = YES;
				SWIFT_VERSION = 5.0;
				TARGETED_DEVICE_FAMILY = "1,2";
			};
			name = Release;
		};
/* End XCBuildConfiguration section */

/* Begin XCConfigurationList section */
		66CEBB612C0D5D7F00B64FC7 /* Build configuration list for PBXProject "BiometricIDAuth" */ = {
			isa = XCConfigurationList;
			buildConfigurations = (
				66CEBB782C0D5D8000B64FC7 /* Debug */,
				66CEBB792C0D5D8000B64FC7 /* Release */,
			);
			defaultConfigurationIsVisible = 0;
			defaultConfigurationName = Release;
		};
		66CEBB7A2C0D5D8000B64FC7 /* Build configuration list for PBXNativeTarget "BiometricIDAuth" */ = {
			isa = XCConfigurationList;
			buildConfigurations = (
				66CEBB7B2C0D5D8000B64FC7 /* Debug */,
				66CEBB7C2C0D5D8000B64FC7 /* Release */,
			);
			defaultConfigurationIsVisible = 0;
			defaultConfigurationName = Release;
		};
/* End XCConfigurationList section */
	};
	rootObject = 66CEBB5E2C0D5D7F00B64FC7 /* Project object */;
}
